
Microsoft Visual Studio Solution File, Format Version 12.00
# Visual Studio Version 16
VisualStudioVersion = 16.0.30114.105
MinimumVisualStudioVersion = 10.0.40219.1
Project("{FAE04EC0-301F-11D3-BF4B-00C04F79EFBC}") = "easychat-api", "easychat-api\easychat-api.csproj", "{F4DBC80D-E69C-42AC-B267-4E32D89B986B}"
EndProject
Global
	GlobalSection(SolutionConfigurationPlatforms) = preSolution
		Debug|Any CPU = Debug|Any CPU
		Release|Any CPU = Release|Any CPU
	EndGlobalSection
	GlobalSection(ProjectConfigurationPlatforms) = postSolution
		{F4DBC80D-E69C-42AC-B267-4E32D89B986B}.Debug|Any CPU.ActiveCfg = Debug|Any CPU
		{F4DBC80D-E69C-42AC-B267-4E32D89B986B}.Debug|Any CPU.Build.0 = Debug|Any CPU
		{F4DBC80D-E69C-42AC-B267-4E32D89B986B}.Release|Any CPU.ActiveCfg = Release|Any CPU
		{F4DBC80D-E69C-42AC-B267-4E32D89B986B}.Release|Any CPU.Build.0 = Release|Any CPU
	EndGlobalSection
	GlobalSection(SolutionProperties) = preSolution
		HideSolutionNode = FALSE
	EndGlobalSection
	GlobalSection(ExtensibilityGlobals) = postSolution
		SolutionGuid = {67726375-489D-4684-95B0-60EFBA4C7FB7}
	EndGlobalSection
EndGlobal
